// !$*UTF8*$!
{
	archiveVersion = 1;
	classes = {
	};
	objectVersion = 50;
	objects = {

/* Begin PBXBuildFile section */
		6848B06C26D2B3ED001865B3 /* AppDelegate.swift in Sources */ = {isa = PBXBuildFile; fileRef = 6848B06B26D2B3ED001865B3 /* AppDelegate.swift */; };
		6848B06E26D2B3ED001865B3 /* SceneDelegate.swift in Sources */ = {isa = PBXBuildFile; fileRef = 6848B06D26D2B3ED001865B3 /* SceneDelegate.swift */; };
		6848B07526D2B3EE001865B3 /* Assets.xcassets in Resources */ = {isa = PBXBuildFile; fileRef = 6848B07426D2B3EE001865B3 /* Assets.xcassets */; };
		6848B07826D2B3EE001865B3 /* LaunchScreen.storyboard in Resources */ = {isa = PBXBuildFile; fileRef = 6848B07626D2B3EE001865B3 /* LaunchScreen.storyboard */; };
		6848B08026D2C7FC001865B3 /* UIView+Ext.swift in Sources */ = {isa = PBXBuildFile; fileRef = 6848B07F26D2C7FC001865B3 /* UIView+Ext.swift */; };
		6848B08226D2CA17001865B3 /* StringCell.swift in Sources */ = {isa = PBXBuildFile; fileRef = 6848B08126D2CA17001865B3 /* StringCell.swift */; };
		6848B08426D2D431001865B3 /* labelObject.swift in Sources */ = {isa = PBXBuildFile; fileRef = 6848B08326D2D431001865B3 /* labelObject.swift */; };
		6848B08626D2F494001865B3 /* replicateVC.swift in Sources */ = {isa = PBXBuildFile; fileRef = 6848B08526D2F494001865B3 /* replicateVC.swift */; };
		6848B0A826D30706001865B3 /* DashboardVC.swift in Sources */ = {isa = PBXBuildFile; fileRef = 6848B0A726D30706001865B3 /* DashboardVC.swift */; };
		6848B0AA26D3162E001865B3 /* FoodsafetyVC.swift in Sources */ = {isa = PBXBuildFile; fileRef = 6848B0A926D3162E001865B3 /* FoodsafetyVC.swift */; };
		6848B0B226D44409001865B3 /* segmentedControl.swift in Sources */ = {isa = PBXBuildFile; fileRef = 6848B0B126D44409001865B3 /* segmentedControl.swift */; };
/* End PBXBuildFile section */

/* Begin PBXFileReference section */
		6848B06826D2B3ED001865B3 /* NoStoryboard.app */ = {isa = PBXFileReference; explicitFileType = wrapper.application; includeInIndex = 0; path = NoStoryboard.app; sourceTree = BUILT_PRODUCTS_DIR; };
		6848B06B26D2B3ED001865B3 /* AppDelegate.swift */ = {isa = PBXFileReference; lastKnownFileType = sourcecode.swift; path = AppDelegate.swift; sourceTree = "<group>"; };
		6848B06D26D2B3ED001865B3 /* SceneDelegate.swift */ = {isa = PBXFileReference; lastKnownFileType = sourcecode.swift; path = SceneDelegate.swift; sourceTree = "<group>"; };
		6848B07426D2B3EE001865B3 /* Assets.xcassets */ = {isa = PBXFileReference; lastKnownFileType = folder.assetcatalog; path = Assets.xcassets; sourceTree = "<group>"; };
		6848B07726D2B3EE001865B3 /* Base */ = {isa = PBXFileReference; lastKnownFileType = file.storyboard; name = Base; path = Base.lproj/LaunchScreen.storyboard; sourceTree = "<group>"; };
		6848B07926D2B3EE001865B3 /* Info.plist */ = {isa = PBXFileReference; lastKnownFileType = text.plist.xml; path = Info.plist; sourceTree = "<group>"; };
		6848B07F26D2C7FC001865B3 /* UIView+Ext.swift */ = {isa = PBXFileReference; lastKnownFileType = sourcecode.swift; path = "UIView+Ext.swift"; sourceTree = "<group>"; };
		6848B08126D2CA17001865B3 /* StringCell.swift */ = {isa = PBXFileReference; lastKnownFileType = sourcecode.swift; path = StringCell.swift; sourceTree = "<group>"; };
		6848B08326D2D431001865B3 /* labelObject.swift */ = {isa = PBXFileReference; lastKnownFileType = sourcecode.swift; path = labelObject.swift; sourceTree = "<group>"; };
		6848B08526D2F494001865B3 /* replicateVC.swift */ = {isa = PBXFileReference; lastKnownFileType = sourcecode.swift; path = replicateVC.swift; sourceTree = "<group>"; };
		6848B0A726D30706001865B3 /* DashboardVC.swift */ = {isa = PBXFileReference; lastKnownFileType = sourcecode.swift; path = DashboardVC.swift; sourceTree = "<group>"; };
		6848B0A926D3162E001865B3 /* FoodsafetyVC.swift */ = {isa = PBXFileReference; lastKnownFileType = sourcecode.swift; path = FoodsafetyVC.swift; sourceTree = "<group>"; };
		6848B0B126D44409001865B3 /* segmentedControl.swift */ = {isa = PBXFileReference; lastKnownFileType = sourcecode.swift; path = segmentedControl.swift; sourceTree = "<group>"; };
/* End PBXFileReference section */

/* Begin PBXFrameworksBuildPhase section */
		6848B06526D2B3ED001865B3 /* Frameworks */ = {
			isa = PBXFrameworksBuildPhase;
			buildActionMask = 2147483647;
			files = (
			);
			runOnlyForDeploymentPostprocessing = 0;
		};
/* End PBXFrameworksBuildPhase section */

/* Begin PBXGroup section */
		6848B05F26D2B3ED001865B3 = {
			isa = PBXGroup;
			children = (
				6848B07F26D2C7FC001865B3 /* UIView+Ext.swift */,
				6848B06A26D2B3ED001865B3 /* NoStoryboard */,
				6848B06926D2B3ED001865B3 /* Products */,
			);
			sourceTree = "<group>";
		};
		6848B06926D2B3ED001865B3 /* Products */ = {
			isa = PBXGroup;
			children = (
				6848B06826D2B3ED001865B3 /* NoStoryboard.app */,
			);
			name = Products;
			sourceTree = "<group>";
		};
		6848B06A26D2B3ED001865B3 /* NoStoryboard */ = {
			isa = PBXGroup;
			children = (
				6848B0B126D44409001865B3 /* segmentedControl.swift */,
				6848B06B26D2B3ED001865B3 /* AppDelegate.swift */,
				6848B08526D2F494001865B3 /* replicateVC.swift */,
				6848B0A926D3162E001865B3 /* FoodsafetyVC.swift */,
				6848B0A726D30706001865B3 /* DashboardVC.swift */,
				6848B08326D2D431001865B3 /* labelObject.swift */,
				6848B08126D2CA17001865B3 /* StringCell.swift */,
				6848B06D26D2B3ED001865B3 /* SceneDelegate.swift */,
				6848B07426D2B3EE001865B3 /* Assets.xcassets */,
				6848B07626D2B3EE001865B3 /* LaunchScreen.storyboard */,
				6848B07926D2B3EE001865B3 /* Info.plist */,
			);
			path = NoStoryboard;
			sourceTree = "<group>";
		};
/* End PBXGroup section */

/* Begin PBXNativeTarget section */
		6848B06726D2B3ED001865B3 /* NoStoryboard */ = {
			isa = PBXNativeTarget;
			buildConfigurationList = 6848B07C26D2B3EE001865B3 /* Build configuration list for PBXNativeTarget "NoStoryboard" */;
			buildPhases = (
				6848B06426D2B3ED001865B3 /* Sources */,
				6848B06526D2B3ED001865B3 /* Frameworks */,
				6848B06626D2B3ED001865B3 /* Resources */,
			);
			buildRules = (
			);
			dependencies = (
			);
			name = NoStoryboard;
			productName = NoStoryboard;
			productReference = 6848B06826D2B3ED001865B3 /* NoStoryboard.app */;
			productType = "com.apple.product-type.application";
		};
/* End PBXNativeTarget section */

/* Begin PBXProject section */
		6848B06026D2B3ED001865B3 /* Project object */ = {
			isa = PBXProject;
			attributes = {
				LastSwiftUpdateCheck = 1250;
				LastUpgradeCheck = 1250;
				TargetAttributes = {
					6848B06726D2B3ED001865B3 = {
						CreatedOnToolsVersion = 12.5.1;
					};
				};
			};
			buildConfigurationList = 6848B06326D2B3ED001865B3 /* Build configuration list for PBXProject "NoStoryboard" */;
			compatibilityVersion = "Xcode 9.3";
			developmentRegion = en;
			hasScannedForEncodings = 0;
			knownRegions = (
				en,
				Base,
			);
			mainGroup = 6848B05F26D2B3ED001865B3;
			productRefGroup = 6848B06926D2B3ED001865B3 /* Products */;
			projectDirPath = "";
			projectRoot = "";
			targets = (
				6848B06726D2B3ED001865B3 /* NoStoryboard */,
			);
		};
/* End PBXProject section */

/* Begin PBXResourcesBuildPhase section */
		6848B06626D2B3ED001865B3 /* Resources */ = {
			isa = PBXResourcesBuildPhase;
			buildActionMask = 2147483647;
			files = (
				6848B07826D2B3EE001865B3 /* LaunchScreen.storyboard in Resources */,
				6848B07526D2B3EE001865B3 /* Assets.xcassets in Resources */,
			);
			runOnlyForDeploymentPostprocessing = 0;
		};
/* End PBXResourcesBuildPhase section */

/* Begin PBXSourcesBuildPhase section */
		6848B06426D2B3ED001865B3 /* Sources */ = {
			isa = PBXSourcesBuildPhase;
			buildActionMask = 2147483647;
			files = (
				6848B08026D2C7FC001865B3 /* UIView+Ext.swift in Sources */,
				6848B08226D2CA17001865B3 /* StringCell.swift in Sources */,
				6848B0AA26D3162E001865B3 /* FoodsafetyVC.swift in Sources */,
				6848B0A826D30706001865B3 /* DashboardVC.swift in Sources */,
				6848B06C26D2B3ED001865B3 /* AppDelegate.swift in Sources */,
				6848B08626D2F494001865B3 /* replicateVC.swift in Sources */,
				6848B08426D2D431001865B3 /* labelObject.swift in Sources */,
				6848B0B226D44409001865B3 /* segmentedControl.swift in Sources */,
				6848B06E26D2B3ED001865B3 /* SceneDelegate.swift in Sources */,
			);
			runOnlyForDeploymentPostprocessing = 0;
		};
/* End PBXSourcesBuildPhase section */

/* Begin PBXVariantGroup section */
		6848B07626D2B3EE001865B3 /* LaunchScreen.storyboard */ = {
			isa = PBXVariantGroup;
			children = (
				6848B07726D2B3EE001865B3 /* Base */,
			);
			name = LaunchScreen.storyboard;
			sourceTree = "<group>";
		};
/* End PBXVariantGroup section */

/* Begin XCBuildConfiguration section */
		6848B07A26D2B3EE001865B3 /* Debug */ = {
			isa = XCBuildConfiguration;
			buildSettings = {
				ALWAYS_SEARCH_USER_PATHS = NO;
				CLANG_ANALYZER_NONNULL = YES;
				CLANG_ANALYZER_NUMBER_OBJECT_CONVERSION = YES_AGGRESSIVE;
				CLANG_CXX_LANGUAGE_STANDARD = "gnu++14";
				CLANG_CXX_LIBRARY = "libc++";
				CLANG_ENABLE_MODULES = YES;
				CLANG_ENABLE_OBJC_ARC = YES;
				CLANG_ENABLE_OBJC_WEAK = YES;
				CLANG_WARN_BLOCK_CAPTURE_AUTORELEASING = YES;
				CLANG_WARN_BOOL_CONVERSION = YES;
				CLANG_WARN_COMMA = YES;
				CLANG_WARN_CONSTANT_CONVERSION = YES;
				CLANG_WARN_DEPRECATED_OBJC_IMPLEMENTATIONS = YES;
				CLANG_WARN_DIRECT_OBJC_ISA_USAGE = YES_ERROR;
				CLANG_WARN_DOCUMENTATION_COMMENTS = YES;
				CLANG_WARN_EMPTY_BODY = YES;
				CLANG_WARN_ENUM_CONVERSION = YES;
				CLANG_WARN_INFINITE_RECURSION = YES;
				CLANG_WARN_INT_CONVERSION = YES;
				CLANG_WARN_NON_LITERAL_NULL_CONVERSION = YES;
				CLANG_WARN_OBJC_IMPLICIT_RETAIN_SELF = YES;
				CLANG_WARN_OBJC_LITERAL_CONVERSION = YES;
				CLANG_WARN_OBJC_ROOT_CLASS = YES_ERROR;
				CLANG_WARN_QUOTED_INCLUDE_IN_FRAMEWORK_HEADER = YES;
				CLANG_WARN_RANGE_LOOP_ANALYSIS = YES;
				CLANG_WARN_STRICT_PROTOTYPES = YES;
				CLANG_WARN_SUSPICIOUS_MOVE = YES;
				CLANG_WARN_UNGUARDED_AVAILABILITY = YES_AGGRESSIVE;
				CLANG_WARN_UNREACHABLE_CODE = YES;
				CLANG_WARN__DUPLICATE_METHOD_MATCH = YES;
				COPY_PHASE_STRIP = NO;
				DEBUG_INFORMATION_FORMAT = dwarf;
				ENABLE_STRICT_OBJC_MSGSEND = YES;
				ENABLE_TESTABILITY = YES;
				GCC_C_LANGUAGE_STANDARD = gnu11;
				GCC_DYNAMIC_NO_PIC = NO;
				GCC_NO_COMMON_BLOCKS = YES;
				GCC_OPTIMIZATION_LEVEL = 0;
				GCC_PREPROCESSOR_DEFINITIONS = (
					"DEBUG=1",
					"$(inherited)",
				);
				GCC_WARN_64_TO_32_BIT_CONVERSION = YES;
				GCC_WARN_ABOUT_RETURN_TYPE = YES_ERROR;
				GCC_WARN_UNDECLARED_SELECTOR = YES;
				GCC_WARN_UNINITIALIZED_AUTOS = YES_AGGRESSIVE;
				GCC_WARN_UNUSED_FUNCTION = YES;
				GCC_WARN_UNUSED_VARIABLE = YES;
				IPHONEOS_DEPLOYMENT_TARGET = 14.5;
				MTL_ENABLE_DEBUG_INFO = INCLUDE_SOURCE;
				MTL_FAST_MATH = YES;
				ONLY_ACTIVE_ARCH = YES;
				SDKROOT = iphoneos;
				SWIFT_ACTIVE_COMPILATION_CONDITIONS = DEBUG;
				SWIFT_OPTIMIZATION_LEVEL = "-Onone";
			};
			name = Debug;
		};
		6848B07B26D2B3EE001865B3 /* Release */ = {
			isa = XCBuildConfiguration;
			buildSettings = {
				ALWAYS_SEARCH_USER_PATHS = NO;
				CLANG_ANALYZER_NONNULL = YES;
				CLANG_ANALYZER_NUMBER_OBJECT_CONVERSION = YES_AGGRESSIVE;
				CLANG_CXX_LANGUAGE_STANDARD = "gnu++14";
				CLANG_CXX_LIBRARY = "libc++";
				CLANG_ENABLE_MODULES = YES;
				CLANG_ENABLE_OBJC_ARC = YES;
				CLANG_ENABLE_OBJC_WEAK = YES;
				CLANG_WARN_BLOCK_CAPTURE_AUTORELEASING = YES;
				CLANG_WARN_BOOL_CONVERSION = YES;
				CLANG_WARN_COMMA = YES;
				CLANG_WARN_CONSTANT_CONVERSION = YES;
				CLANG_WARN_DEPRECATED_OBJC_IMPLEMENTATIONS = YES;
				CLANG_WARN_DIRECT_OBJC_ISA_USAGE = YES_ERROR;
				CLANG_WARN_DOCUMENTATION_COMMENTS = YES;
				CLANG_WARN_EMPTY_BODY = YES;
				CLANG_WARN_ENUM_CONVERSION = YES;
				CLANG_WARN_INFINITE_RECURSION = YES;
				CLANG_WARN_INT_CONVERSION = YES;
				CLANG_WARN_NON_LITERAL_NULL_CONVERSION = YES;
				CLANG_WARN_OBJC_IMPLICIT_RETAIN_SELF = YES;
				CLANG_WARN_OBJC_LITERAL_CONVERSION = YES;
				CLANG_WARN_OBJC_ROOT_CLASS = YES_ERROR;
				CLANG_WARN_QUOTED_INCLUDE_IN_FRAMEWORK_HEADER = YES;
				CLANG_WARN_RANGE_LOOP_ANALYSIS = YES;
				CLANG_WARN_STRICT_PROTOTYPES = YES;
				CLANG_WARN_SUSPICIOUS_MOVE = YES;
				CLANG_WARN_UNGUARDED_AVAILABILITY = YES_AGGRESSIVE;
				CLANG_WARN_UNREACHABLE_CODE = YES;
				CLANG_WARN__DUPLICATE_METHOD_MATCH = YES;
				COPY_PHASE_STRIP = NO;
				DEBUG_INFORMATION_FORMAT = "dwarf-with-dsym";
				ENABLE_NS_ASSERTIONS = NO;
				ENABLE_STRICT_OBJC_MSGSEND = YES;
				GCC_C_LANGUAGE_STANDARD = gnu11;
				GCC_NO_COMMON_BLOCKS = YES;
				GCC_WARN_64_TO_32_BIT_CONVERSION = YES;
				GCC_WARN_ABOUT_RETURN_TYPE = YES_ERROR;
				GCC_WARN_UNDECLARED_SELECTOR = YES;
				GCC_WARN_UNINITIALIZED_AUTOS = YES_AGGRESSIVE;
				GCC_WARN_UNUSED_FUNCTION = YES;
				GCC_WARN_UNUSED_VARIABLE = YES;
				IPHONEOS_DEPLOYMENT_TARGET = 14.5;
				MTL_ENABLE_DEBUG_INFO = NO;
				MTL_FAST_MATH = YES;
				SDKROOT = iphoneos;
				SWIFT_COMPILATION_MODE = wholemodule;
				SWIFT_OPTIMIZATION_LEVEL = "-O";
				VALIDATE_PRODUCT = YES;
			};
			name = Release;
		};
		6848B07D26D2B3EE001865B3 /* Debug */ = {
			isa = XCBuildConfiguration;
			buildSettings = {
				ASSETCATALOG_COMPILER_APPICON_NAME = AppIcon;
				ASSETCATALOG_COMPILER_GLOBAL_ACCENT_COLOR_NAME = AccentColor;
				CODE_SIGN_STYLE = Automatic;
				DEVELOPMENT_TEAM = J5T3LSZW86;
				INFOPLIST_FILE = NoStoryboard/Info.plist;
				LD_RUNPATH_SEARCH_PATHS = (
					"$(inherited)",
					"@executable_path/Frameworks",
				);
				PRODUCT_BUNDLE_IDENTIFIER = RiverCamacho.NoStoryboard;
				PRODUCT_NAME = "$(TARGET_NAME)";
				SWIFT_VERSION = 5.0;
				TARGETED_DEVICE_FAMILY = "1,2";
			};
			name = Debug;
		};
		6848B07E26D2B3EE001865B3 /* Release */ = {
			isa = XCBuildConfiguration;
			buildSettings = {
				ASSETCATALOG_COMPILER_APPICON_NAME = AppIcon;
				ASSETCATALOG_COMPILER_GLOBAL_ACCENT_COLOR_NAME = AccentColor;
				CODE_SIGN_STYLE = Automatic;
				DEVELOPMENT_TEAM = J5T3LSZW86;
				INFOPLIST_FILE = NoStoryboard/Info.plist;
				LD_RUNPATH_SEARCH_PATHS = (
					"$(inherited)",
					"@executable_path/Frameworks",
				);
				PRODUCT_BUNDLE_IDENTIFIER = RiverCamacho.NoStoryboard;
				PRODUCT_NAME = "$(TARGET_NAME)";
				SWIFT_VERSION = 5.0;
				TARGETED_DEVICE_FAMILY = "1,2";
			};
			name = Release;
		};
/* End XCBuildConfiguration section */

/* Begin XCConfigurationList section */
		6848B06326D2B3ED001865B3 /* Build configuration list for PBXProject "NoStoryboard" */ = {
			isa = XCConfigurationList;
			buildConfigurations = (
				6848B07A26D2B3EE001865B3 /* Debug */,
				6848B07B26D2B3EE001865B3 /* Release */,
			);
			defaultConfigurationIsVisible = 0;
			defaultConfigurationName = Release;
		};
		6848B07C26D2B3EE001865B3 /* Build configuration list for PBXNativeTarget "NoStoryboard" */ = {
			isa = XCConfigurationList;
			buildConfigurations = (
				6848B07D26D2B3EE001865B3 /* Debug */,
				6848B07E26D2B3EE001865B3 /* Release */,
			);
			defaultConfigurationIsVisible = 0;
			defaultConfigurationName = Release;
		};
/* End XCConfigurationList section */
	};
	rootObject = 6848B06026D2B3ED001865B3 /* Project object */;
}
